
Microsoft Visual Studio Solution File, Format Version 12.00
# Visual Studio Version 16
VisualStudioVersion = 16.0.31205.134
MinimumVisualStudioVersion = 10.0.40219.1
Project("{FAE04EC0-301F-11D3-BF4B-00C04F79EFBC}") = "Misa.Amis.Web", "Misa.Amis.Web\Misa.Amis.Web.csproj", "{5F2CE5CF-A4EA-4180-957E-41959095DA76}"
EndProject
Project("{FAE04EC0-301F-11D3-BF4B-00C04F79EFBC}") = "Misa.ApplicationCore", "Misa.ApplicationCore\Misa.ApplicationCore.csproj", "{5A92EF11-F0FE-476F-80CC-FDDBF27D3900}"
EndProject
Project("{FAE04EC0-301F-11D3-BF4B-00C04F79EFBC}") = "Misa.Infrastructure", "Misa.Infrastructure\Misa.Infrastructure.csproj", "{72EEAC25-BC3D-40DE-9161-59F8A67D03E2}"
EndProject
Global
	GlobalSection(SolutionConfigurationPlatforms) = preSolution
		Debug|Any CPU = Debug|Any CPU
		Release|Any CPU = Release|Any CPU
	EndGlobalSection
	GlobalSection(ProjectConfigurationPlatforms) = postSolution
		{5F2CE5CF-A4EA-4180-957E-41959095DA76}.Debug|Any CPU.ActiveCfg = Debug|Any CPU
		{5F2CE5CF-A4EA-4180-957E-41959095DA76}.Debug|Any CPU.Build.0 = Debug|Any CPU
		{5F2CE5CF-A4EA-4180-957E-41959095DA76}.Release|Any CPU.ActiveCfg = Release|Any CPU
		{5F2CE5CF-A4EA-4180-957E-41959095DA76}.Release|Any CPU.Build.0 = Release|Any CPU
		{5A92EF11-F0FE-476F-80CC-FDDBF27D3900}.Debug|Any CPU.ActiveCfg = Debug|Any CPU
		{5A92EF11-F0FE-476F-80CC-FDDBF27D3900}.Debug|Any CPU.Build.0 = Debug|Any CPU
		{5A92EF11-F0FE-476F-80CC-FDDBF27D3900}.Release|Any CPU.ActiveCfg = Release|Any CPU
		{5A92EF11-F0FE-476F-80CC-FDDBF27D3900}.Release|Any CPU.Build.0 = Release|Any CPU
		{72EEAC25-BC3D-40DE-9161-59F8A67D03E2}.Debug|Any CPU.ActiveCfg = Debug|Any CPU
		{72EEAC25-BC3D-40DE-9161-59F8A67D03E2}.Debug|Any CPU.Build.0 = Debug|Any CPU
		{72EEAC25-BC3D-40DE-9161-59F8A67D03E2}.Release|Any CPU.ActiveCfg = Release|Any CPU
		{72EEAC25-BC3D-40DE-9161-59F8A67D03E2}.Release|Any CPU.Build.0 = Release|Any CPU
	EndGlobalSection
	GlobalSection(SolutionProperties) = preSolution
		HideSolutionNode = FALSE
	EndGlobalSection
	GlobalSection(ExtensibilityGlobals) = postSolution
		SolutionGuid = {5E8D98B1-5347-498B-947F-C3161793537C}
	EndGlobalSection
EndGlobal
